
Microsoft Visual Studio Solution File, Format Version 12.00
# Visual Studio 2012
Project("{FAE04EC0-301F-11D3-BF4B-00C04F79EFBC}") = "SignalChat", "SignalChat\SignalChat.csproj", "{F97055BA-E737-4860-8373-0B04FDCE343E}"
EndProject
Project("{FAE04EC0-301F-11D3-BF4B-00C04F79EFBC}") = "Samples", "Samples\Samples.csproj", "{392582AE-5D46-4627-B715-B84303E065C5}"
EndProject
Global
	GlobalSection(SolutionConfigurationPlatforms) = preSolution
		Debug|Any CPU = Debug|Any CPU
		Release|Any CPU = Release|Any CPU
	EndGlobalSection
	GlobalSection(ProjectConfigurationPlatforms) = postSolution
		{F97055BA-E737-4860-8373-0B04FDCE343E}.Debug|Any CPU.ActiveCfg = Debug|Any CPU
		{F97055BA-E737-4860-8373-0B04FDCE343E}.Debug|Any CPU.Build.0 = Debug|Any CPU
		{F97055BA-E737-4860-8373-0B04FDCE343E}.Release|Any CPU.ActiveCfg = Release|Any CPU
		{F97055BA-E737-4860-8373-0B04FDCE343E}.Release|Any CPU.Build.0 = Release|Any CPU
		{392582AE-5D46-4627-B715-B84303E065C5}.Debug|Any CPU.ActiveCfg = Debug|Any CPU
		{392582AE-5D46-4627-B715-B84303E065C5}.Debug|Any CPU.Build.0 = Debug|Any CPU
		{392582AE-5D46-4627-B715-B84303E065C5}.Release|Any CPU.ActiveCfg = Release|Any CPU
		{392582AE-5D46-4627-B715-B84303E065C5}.Release|Any CPU.Build.0 = Release|Any CPU
	EndGlobalSection
	GlobalSection(SolutionProperties) = preSolution
		HideSolutionNode = FALSE
	EndGlobalSection
EndGlobal
